
Microsoft Visual Studio Solution File, Format Version 9.00
# Visual Studio 2005
# SharpDevelop 2.1.0.2283
Project("{CFEE4113-1246-4D54-95CB-156813CB8593}") = "WatiN.setup", "WatiN.setup.wixproj", "{71E25CBF-074E-4B15-A42C-22D23BB3CEBF}"
EndProject
Global
	GlobalSection(SolutionConfigurationPlatforms) = preSolution
		Debug|Any CPU = Debug|Any CPU
		Release|Any CPU = Release|Any CPU
	EndGlobalSection
	GlobalSection(ProjectConfigurationPlatforms) = postSolution
		{71E25CBF-074E-4B15-A42C-22D23BB3CEBF}.Debug|Any CPU.Build.0 = Debug|Any CPU
		{71E25CBF-074E-4B15-A42C-22D23BB3CEBF}.Debug|Any CPU.ActiveCfg = Debug|Any CPU
		{71E25CBF-074E-4B15-A42C-22D23BB3CEBF}.Release|Any CPU.Build.0 = Release|Any CPU
		{71E25CBF-074E-4B15-A42C-22D23BB3CEBF}.Release|Any CPU.ActiveCfg = Release|Any CPU
	EndGlobalSection
EndGlobal
