Microsoft Visual Studio Solution File, Format Version 8.00
Project("{FAE04EC0-301F-11D3-BF4B-00C04F79EFBC}") = "Core", "Core\Core.csproj", "{217E2D34-F6DF-431B-AC5A-B368F481A530}"
	ProjectSection(ProjectDependencies) = postProject
	EndProjectSection
EndProject
Project("{FAE04EC0-301F-11D3-BF4B-00C04F79EFBC}") = "UnitTests", "UnitTests\UnitTests.csproj", "{D6E231B3-28D9-4F73-9586-738FB528B4DB}"
	ProjectSection(ProjectDependencies) = postProject
	EndProjectSection
EndProject
Global
	GlobalSection(SolutionConfiguration) = preSolution
		Debug = Debug
		Release = Release
	EndGlobalSection
	GlobalSection(ProjectConfiguration) = postSolution
		{217E2D34-F6DF-431B-AC5A-B368F481A530}.Debug.ActiveCfg = Debug|.NET
		{217E2D34-F6DF-431B-AC5A-B368F481A530}.Debug.Build.0 = Debug|.NET
		{217E2D34-F6DF-431B-AC5A-B368F481A530}.Release.ActiveCfg = Release|.NET
		{217E2D34-F6DF-431B-AC5A-B368F481A530}.Release.Build.0 = Release|.NET
		{D6E231B3-28D9-4F73-9586-738FB528B4DB}.Debug.ActiveCfg = Debug|.NET
		{D6E231B3-28D9-4F73-9586-738FB528B4DB}.Debug.Build.0 = Debug|.NET
		{D6E231B3-28D9-4F73-9586-738FB528B4DB}.Release.ActiveCfg = Release|.NET
		{D6E231B3-28D9-4F73-9586-738FB528B4DB}.Release.Build.0 = Release|.NET
	EndGlobalSection
	GlobalSection(SolutionItems) = postSolution
		Core\License.txt = Core\License.txt
		Core\Readme.txt = Core\Readme.txt
		Core\TODO.txt = Core\TODO.txt
		..\WatiN.build = ..\WatiN.build
	EndGlobalSection
	GlobalSection(ExtensibilityGlobals) = postSolution
	EndGlobalSection
	GlobalSection(ExtensibilityAddIns) = postSolution
	EndGlobalSection
EndGlobal
